
Microsoft Visual Studio Solution File, Format Version 11.00
# Visual Studio 2010
Project("{FAE04EC0-301F-11D3-BF4B-00C04F79EFBC}") = "运输计划管理系统", "运输计划管理系统\运输计划管理系统.csproj", "{9C889F5C-E401-44ED-8B99-E3916EF5F123}"
EndProject
Global
	GlobalSection(SolutionConfigurationPlatforms) = preSolution
		Debug|x86 = Debug|x86
		Release|x86 = Release|x86
	EndGlobalSection
	GlobalSection(ProjectConfigurationPlatforms) = postSolution
		{9C889F5C-E401-44ED-8B99-E3916EF5F123}.Debug|x86.ActiveCfg = Debug|x86
		{9C889F5C-E401-44ED-8B99-E3916EF5F123}.Debug|x86.Build.0 = Debug|x86
		{9C889F5C-E401-44ED-8B99-E3916EF5F123}.Release|x86.ActiveCfg = Release|x86
		{9C889F5C-E401-44ED-8B99-E3916EF5F123}.Release|x86.Build.0 = Release|x86
	EndGlobalSection
	GlobalSection(SolutionProperties) = preSolution
		HideSolutionNode = FALSE
	EndGlobalSection
EndGlobal
